{
  "name": "my-folder",
  "version": "1.0.0",
  "lockfileVersion": 1,
  "requires": true,
  "dependencies": {
    "basith-test": {
      "version": "1.0.0",
      "resolved": "https://registry.npmjs.org/basith-test/-/basith-test-1.0.0.tgz",
      "integrity": "sha512-ch4kXmlcU9cnpJLsv9Q9HgUaWRulk6sZvtTO0utLaYjUB0zmjfPtZ2dqb4Wu24zM55xqbrpwpKoRwJsougj5UQ=="
    }
  }
}
